{
  "name": "cppLab",
  "lockfileVersion": 2,
  "requires": true,
  "packages": {
    "": {
      "dependencies": {
        "reccy": "^1.3.0"
      }
    },
    "node_modules/reccy": {
      "version": "1.3.0",
      "resolved": "https://registry.npmjs.org/reccy/-/reccy-1.3.0.tgz",
      "integrity": "sha512-a+Kzfr+78Mo+Nt+jw0hrBHlPCZ1MlVqAa6WAiG/7+VaCfMDRsQowdLOlG0ew0FdB+bPKCTuuRW4K66icq3dXew==",
      "bin": {
        "reccy": "reccy.js"
      },
      "engines": {
        "node": ">=8.0.0"
      }
    }
  },
  "dependencies": {
    "reccy": {
      "version": "1.3.0",
      "resolved": "https://registry.npmjs.org/reccy/-/reccy-1.3.0.tgz",
      "integrity": "sha512-a+Kzfr+78Mo+Nt+jw0hrBHlPCZ1MlVqAa6WAiG/7+VaCfMDRsQowdLOlG0ew0FdB+bPKCTuuRW4K66icq3dXew=="
    }
  }
}
